
Microsoft Visual Studio Solution File, Format Version 12.00
# Visual Studio Version 17
VisualStudioVersion = 17.3.32922.545
MinimumVisualStudioVersion = 10.0.40219.1
Project("{9A19103F-16F7-4668-BE54-9A1E7A4F7556}") = "tree_fractal", "tree_fractal\tree_fractal.csproj", "{0D9C4E90-B346-4604-AB64-799CE3901CBF}"
EndProject
Project("{FAE04EC0-301F-11D3-BF4B-00C04F79EFBC}") = "koch_fractal", "koch_fractal\koch_fractal.csproj", "{F878C2B5-A173-4398-BE0B-9CCC616E04A0}"
EndProject
Global
	GlobalSection(SolutionConfigurationPlatforms) = preSolution
		Debug|Any CPU = Debug|Any CPU
		Release|Any CPU = Release|Any CPU
	EndGlobalSection
	GlobalSection(ProjectConfigurationPlatforms) = postSolution
		{0D9C4E90-B346-4604-AB64-799CE3901CBF}.Debug|Any CPU.ActiveCfg = Debug|Any CPU
		{0D9C4E90-B346-4604-AB64-799CE3901CBF}.Debug|Any CPU.Build.0 = Debug|Any CPU
		{0D9C4E90-B346-4604-AB64-799CE3901CBF}.Release|Any CPU.ActiveCfg = Release|Any CPU
		{0D9C4E90-B346-4604-AB64-799CE3901CBF}.Release|Any CPU.Build.0 = Release|Any CPU
		{F878C2B5-A173-4398-BE0B-9CCC616E04A0}.Debug|Any CPU.ActiveCfg = Debug|Any CPU
		{F878C2B5-A173-4398-BE0B-9CCC616E04A0}.Debug|Any CPU.Build.0 = Debug|Any CPU
		{F878C2B5-A173-4398-BE0B-9CCC616E04A0}.Release|Any CPU.ActiveCfg = Release|Any CPU
		{F878C2B5-A173-4398-BE0B-9CCC616E04A0}.Release|Any CPU.Build.0 = Release|Any CPU
	EndGlobalSection
	GlobalSection(SolutionProperties) = preSolution
		HideSolutionNode = FALSE
	EndGlobalSection
	GlobalSection(ExtensibilityGlobals) = postSolution
		SolutionGuid = {02C1D517-AEBC-4F60-8BA4-EFF5639606B6}
	EndGlobalSection
EndGlobal
